{
  "nodes": {
    "nixpkgs": {
      "locked": {
        "lastModified": 1686960236,
        "narHash": "sha256-AYCC9rXNLpUWzD9hm+askOfpliLEC9kwAo7ITJc4HIw=",
        "owner": "NixOS",
        "repo": "nixpkgs",
        "rev": "04af42f3b31dba0ef742d254456dc4c14eedac86",
        "type": "github"
      },
      "original": {
        "owner": "NixOS",
        "ref": "nixos-unstable",
        "repo": "nixpkgs",
        "type": "github"
      }
    },
    "rk3588-implicit-sync": {
      "flake": false,
      "locked": {
        "lastModified": 1670310095,
        "narHash": "sha256-fs4cTGS1mBIA3qW/Q6riW+RC9V/st+UdIASavfg00K4=",
        "owner": "panfork",
        "repo": "rk3588-implicit-sync",
        "rev": "e3b9a56499d7f0a2ee8ce1fc99a111f85945534e",
        "type": "gitlab"
      },
      "original": {
        "owner": "panfork",
        "repo": "rk3588-implicit-sync",
        "type": "gitlab"
      }
    },
    "root": {
      "inputs": {
        "nixpkgs": "nixpkgs",
        "rk3588-implicit-sync": "rk3588-implicit-sync"
      }
    }
  },
  "root": "root",
  "version": 7
}
